
Microsoft Visual Studio Solution File, Format Version 12.00
# Visual Studio Version 16
VisualStudioVersion = 16.0.31005.135
MinimumVisualStudioVersion = 10.0.40219.1
Project("{FAE04EC0-301F-11D3-BF4B-00C04F79EFBC}") = "ProyectoWEB", "ProyectoWEB\ProyectoWEB.csproj", "{42DF7404-9D88-45D1-985A-82CAA6D75061}"
EndProject
Global
	GlobalSection(SolutionConfigurationPlatforms) = preSolution
		Debug|Any CPU = Debug|Any CPU
		Release|Any CPU = Release|Any CPU
	EndGlobalSection
	GlobalSection(ProjectConfigurationPlatforms) = postSolution
		{42DF7404-9D88-45D1-985A-82CAA6D75061}.Debug|Any CPU.ActiveCfg = Debug|Any CPU
		{42DF7404-9D88-45D1-985A-82CAA6D75061}.Debug|Any CPU.Build.0 = Debug|Any CPU
		{42DF7404-9D88-45D1-985A-82CAA6D75061}.Release|Any CPU.ActiveCfg = Release|Any CPU
		{42DF7404-9D88-45D1-985A-82CAA6D75061}.Release|Any CPU.Build.0 = Release|Any CPU
	EndGlobalSection
	GlobalSection(SolutionProperties) = preSolution
		HideSolutionNode = FALSE
	EndGlobalSection
	GlobalSection(ExtensibilityGlobals) = postSolution
		SolutionGuid = {C48B465F-4276-48E6-877C-79F1EC93F513}
	EndGlobalSection
EndGlobal
